// !$*UTF8*$!
{
	archiveVersion = 1;
	classes = {
	};
	objectVersion = 46;
	objects = {

/* Begin PBXBuildFile section */
		BFDD7232E271E1076BFD7D37 /* libPods.a in Frameworks */ = {isa = PBXBuildFile; fileRef = A32824DB6A8EEA676A42EFC0 /* libPods.a */; };
		FA20F79D1B5EFECB00E942F1 /* main.m in Sources */ = {isa = PBXBuildFile; fileRef = FA20F79C1B5EFECB00E942F1 /* main.m */; };
		FA20F7A01B5EFECB00E942F1 /* AppDelegate.m in Sources */ = {isa = PBXBuildFile; fileRef = FA20F79F1B5EFECB00E942F1 /* AppDelegate.m */; };
		FA20F7A31B5EFECB00E942F1 /* MasterViewController.m in Sources */ = {isa = PBXBuildFile; fileRef = FA20F7A21B5EFECB00E942F1 /* MasterViewController.m */; };
		FA20F7A61B5EFECB00E942F1 /* DetailViewController.m in Sources */ = {isa = PBXBuildFile; fileRef = FA20F7A51B5EFECB00E942F1 /* DetailViewController.m */; };
		FA20F7A91B5EFECB00E942F1 /* Main.storyboard in Resources */ = {isa = PBXBuildFile; fileRef = FA20F7A71B5EFECB00E942F1 /* Main.storyboard */; };
		FA20F7AB1B5EFECB00E942F1 /* Images.xcassets in Resources */ = {isa = PBXBuildFile; fileRef = FA20F7AA1B5EFECB00E942F1 /* Images.xcassets */; };
		FA20F7AE1B5EFECB00E942F1 /* LaunchScreen.xib in Resources */ = {isa = PBXBuildFile; fileRef = FA20F7AC1B5EFECB00E942F1 /* LaunchScreen.xib */; };
		FA20F7BA1B5EFECB00E942F1 /* BlocSpotTests.m in Sources */ = {isa = PBXBuildFile; fileRef = FA20F7B91B5EFECB00E942F1 /* BlocSpotTests.m */; };
		FA20F7EF1B5FDCAC00E942F1 /* MapViewController.m in Sources */ = {isa = PBXBuildFile; fileRef = FA20F7EE1B5FDCAC00E942F1 /* MapViewController.m */; };
		FA762E9D1B626C3D0035E1AF /* DataSource.m in Sources */ = {isa = PBXBuildFile; fileRef = FA762E9C1B626C3D0035E1AF /* DataSource.m */; };
		FA762EA91B6271160035E1AF /* PlaceOfInterest.m in Sources */ = {isa = PBXBuildFile; fileRef = FA762EA81B6271160035E1AF /* PlaceOfInterest.m */; };
/* End PBXBuildFile section */

/* Begin PBXContainerItemProxy section */
		FA20F7B41B5EFECB00E942F1 /* PBXContainerItemProxy */ = {
			isa = PBXContainerItemProxy;
			containerPortal = FA20F78F1B5EFECB00E942F1 /* Project object */;
			proxyType = 1;
			remoteGlobalIDString = FA20F7961B5EFECB00E942F1;
			remoteInfo = BlocSpot;
		};
/* End PBXContainerItemProxy section */

/* Begin PBXFileReference section */
		A32824DB6A8EEA676A42EFC0 /* libPods.a */ = {isa = PBXFileReference; explicitFileType = archive.ar; includeInIndex = 0; path = libPods.a; sourceTree = BUILT_PRODUCTS_DIR; };
		B748D1A9BB12B85487F98140 /* Pods.debug.xcconfig */ = {isa = PBXFileReference; includeInIndex = 1; lastKnownFileType = text.xcconfig; name = Pods.debug.xcconfig; path = "Pods/Target Support Files/Pods/Pods.debug.xcconfig"; sourceTree = "<group>"; };
		C59849E3F73141447895487F /* Pods.release.xcconfig */ = {isa = PBXFileReference; includeInIndex = 1; lastKnownFileType = text.xcconfig; name = Pods.release.xcconfig; path = "Pods/Target Support Files/Pods/Pods.release.xcconfig"; sourceTree = "<group>"; };
		FA20F7971B5EFECB00E942F1 /* BlocSpot.app */ = {isa = PBXFileReference; explicitFileType = wrapper.application; includeInIndex = 0; path = BlocSpot.app; sourceTree = BUILT_PRODUCTS_DIR; };
		FA20F79B1B5EFECB00E942F1 /* Info.plist */ = {isa = PBXFileReference; lastKnownFileType = text.plist.xml; path = Info.plist; sourceTree = "<group>"; };
		FA20F79C1B5EFECB00E942F1 /* main.m */ = {isa = PBXFileReference; lastKnownFileType = sourcecode.c.objc; path = main.m; sourceTree = "<group>"; };
		FA20F79E1B5EFECB00E942F1 /* AppDelegate.h */ = {isa = PBXFileReference; lastKnownFileType = sourcecode.c.h; path = AppDelegate.h; sourceTree = "<group>"; };
		FA20F79F1B5EFECB00E942F1 /* AppDelegate.m */ = {isa = PBXFileReference; lastKnownFileType = sourcecode.c.objc; path = AppDelegate.m; sourceTree = "<group>"; };
		FA20F7A11B5EFECB00E942F1 /* MasterViewController.h */ = {isa = PBXFileReference; lastKnownFileType = sourcecode.c.h; path = MasterViewController.h; sourceTree = "<group>"; };
		FA20F7A21B5EFECB00E942F1 /* MasterViewController.m */ = {isa = PBXFileReference; lastKnownFileType = sourcecode.c.objc; path = MasterViewController.m; sourceTree = "<group>"; };
		FA20F7A41B5EFECB00E942F1 /* DetailViewController.h */ = {isa = PBXFileReference; lastKnownFileType = sourcecode.c.h; path = DetailViewController.h; sourceTree = "<group>"; };
		FA20F7A51B5EFECB00E942F1 /* DetailViewController.m */ = {isa = PBXFileReference; lastKnownFileType = sourcecode.c.objc; path = DetailViewController.m; sourceTree = "<group>"; };
		FA20F7A81B5EFECB00E942F1 /* Base */ = {isa = PBXFileReference; lastKnownFileType = file.storyboard; name = Base; path = Base.lproj/Main.storyboard; sourceTree = "<group>"; };
		FA20F7AA1B5EFECB00E942F1 /* Images.xcassets */ = {isa = PBXFileReference; lastKnownFileType = folder.assetcatalog; path = Images.xcassets; sourceTree = "<group>"; };
		FA20F7AD1B5EFECB00E942F1 /* Base */ = {isa = PBXFileReference; lastKnownFileType = file.xib; name = Base; path = Base.lproj/LaunchScreen.xib; sourceTree = "<group>"; };
		FA20F7B31B5EFECB00E942F1 /* BlocSpotTests.xctest */ = {isa = PBXFileReference; explicitFileType = wrapper.cfbundle; includeInIndex = 0; path = BlocSpotTests.xctest; sourceTree = BUILT_PRODUCTS_DIR; };
		FA20F7B81B5EFECB00E942F1 /* Info.plist */ = {isa = PBXFileReference; lastKnownFileType = text.plist.xml; path = Info.plist; sourceTree = "<group>"; };
		FA20F7B91B5EFECB00E942F1 /* BlocSpotTests.m */ = {isa = PBXFileReference; lastKnownFileType = sourcecode.c.objc; path = BlocSpotTests.m; sourceTree = "<group>"; };
		FA20F7ED1B5FDCAC00E942F1 /* MapViewController.h */ = {isa = PBXFileReference; fileEncoding = 4; lastKnownFileType = sourcecode.c.h; path = MapViewController.h; sourceTree = "<group>"; };
		FA20F7EE1B5FDCAC00E942F1 /* MapViewController.m */ = {isa = PBXFileReference; fileEncoding = 4; lastKnownFileType = sourcecode.c.objc; path = MapViewController.m; sourceTree = "<group>"; };
		FA762E9B1B626C3D0035E1AF /* DataSource.h */ = {isa = PBXFileReference; fileEncoding = 4; lastKnownFileType = sourcecode.c.h; name = DataSource.h; path = BlocSpot/DataSource.h; sourceTree = "<group>"; };
		FA762E9C1B626C3D0035E1AF /* DataSource.m */ = {isa = PBXFileReference; fileEncoding = 4; lastKnownFileType = sourcecode.c.objc; name = DataSource.m; path = BlocSpot/DataSource.m; sourceTree = "<group>"; };
		FA762EA71B6271160035E1AF /* PlaceOfInterest.h */ = {isa = PBXFileReference; fileEncoding = 4; lastKnownFileType = sourcecode.c.h; name = PlaceOfInterest.h; path = BlocSpot/PlaceOfInterest.h; sourceTree = "<group>"; };
		FA762EA81B6271160035E1AF /* PlaceOfInterest.m */ = {isa = PBXFileReference; fileEncoding = 4; lastKnownFileType = sourcecode.c.objc; name = PlaceOfInterest.m; path = BlocSpot/PlaceOfInterest.m; sourceTree = "<group>"; };
/* End PBXFileReference section */

/* Begin PBXFrameworksBuildPhase section */
		FA20F7941B5EFECB00E942F1 /* Frameworks */ = {
			isa = PBXFrameworksBuildPhase;
			buildActionMask = 2147483647;
			files = (
				BFDD7232E271E1076BFD7D37 /* libPods.a in Frameworks */,
			);
			runOnlyForDeploymentPostprocessing = 0;
		};
		FA20F7B01B5EFECB00E942F1 /* Frameworks */ = {
			isa = PBXFrameworksBuildPhase;
			buildActionMask = 2147483647;
			files = (
			);
			runOnlyForDeploymentPostprocessing = 0;
		};
/* End PBXFrameworksBuildPhase section */

/* Begin PBXGroup section */
		7628CE906175EF35BB51DA5D /* Pods */ = {
			isa = PBXGroup;
			children = (
				B748D1A9BB12B85487F98140 /* Pods.debug.xcconfig */,
				C59849E3F73141447895487F /* Pods.release.xcconfig */,
			);
			name = Pods;
			sourceTree = "<group>";
		};
		A42A00A7BB3E66FABF9E52D2 /* Frameworks */ = {
			isa = PBXGroup;
			children = (
				A32824DB6A8EEA676A42EFC0 /* libPods.a */,
			);
			name = Frameworks;
			sourceTree = "<group>";
		};
		FA20F78E1B5EFECB00E942F1 = {
			isa = PBXGroup;
			children = (
				FA20F7991B5EFECB00E942F1 /* BlocSpot */,
				FA20F7B61B5EFECB00E942F1 /* BlocSpotTests */,
				FA20F7981B5EFECB00E942F1 /* Products */,
				7628CE906175EF35BB51DA5D /* Pods */,
				A42A00A7BB3E66FABF9E52D2 /* Frameworks */,
			);
			sourceTree = "<group>";
		};
		FA20F7981B5EFECB00E942F1 /* Products */ = {
			isa = PBXGroup;
			children = (
				FA20F7971B5EFECB00E942F1 /* BlocSpot.app */,
				FA20F7B31B5EFECB00E942F1 /* BlocSpotTests.xctest */,
			);
			name = Products;
			sourceTree = "<group>";
		};
		FA20F7991B5EFECB00E942F1 /* BlocSpot */ = {
			isa = PBXGroup;
			children = (
				FA20F79E1B5EFECB00E942F1 /* AppDelegate.h */,
				FA20F79F1B5EFECB00E942F1 /* AppDelegate.m */,
				FA20F7A11B5EFECB00E942F1 /* MasterViewController.h */,
				FA20F7A21B5EFECB00E942F1 /* MasterViewController.m */,
				FA20F7A41B5EFECB00E942F1 /* DetailViewController.h */,
				FA20F7A51B5EFECB00E942F1 /* DetailViewController.m */,
				FA20F7ED1B5FDCAC00E942F1 /* MapViewController.h */,
				FA20F7EE1B5FDCAC00E942F1 /* MapViewController.m */,
				FA20F7A71B5EFECB00E942F1 /* Main.storyboard */,
				FA762EAA1B6277590035E1AF /* Model */,
				FA20F79A1B5EFECB00E942F1 /* Supporting Files */,
			);
			path = BlocSpot;
			sourceTree = "<group>";
		};
		FA20F79A1B5EFECB00E942F1 /* Supporting Files */ = {
			isa = PBXGroup;
			children = (
				FA20F7AC1B5EFECB00E942F1 /* LaunchScreen.xib */,
				FA20F7AA1B5EFECB00E942F1 /* Images.xcassets */,
				FA20F79B1B5EFECB00E942F1 /* Info.plist */,
				FA20F79C1B5EFECB00E942F1 /* main.m */,
			);
			name = "Supporting Files";
			sourceTree = "<group>";
		};
		FA20F7B61B5EFECB00E942F1 /* BlocSpotTests */ = {
			isa = PBXGroup;
			children = (
				FA20F7B91B5EFECB00E942F1 /* BlocSpotTests.m */,
				FA20F7B71B5EFECB00E942F1 /* Supporting Files */,
			);
			path = BlocSpotTests;
			sourceTree = "<group>";
		};
		FA20F7B71B5EFECB00E942F1 /* Supporting Files */ = {
			isa = PBXGroup;
			children = (
				FA20F7B81B5EFECB00E942F1 /* Info.plist */,
			);
			name = "Supporting Files";
			sourceTree = "<group>";
		};
		FA762EAA1B6277590035E1AF /* Model */ = {
			isa = PBXGroup;
			children = (
				FA762EA71B6271160035E1AF /* PlaceOfInterest.h */,
				FA762EA81B6271160035E1AF /* PlaceOfInterest.m */,
				FA762E9B1B626C3D0035E1AF /* DataSource.h */,
				FA762E9C1B626C3D0035E1AF /* DataSource.m */,
			);
			name = Model;
			path = ..;
			sourceTree = "<group>";
		};
/* End PBXGroup section */

/* Begin PBXNativeTarget section */
		FA20F7961B5EFECB00E942F1 /* BlocSpot */ = {
			isa = PBXNativeTarget;
			buildConfigurationList = FA20F7BD1B5EFECB00E942F1 /* Build configuration list for PBXNativeTarget "BlocSpot" */;
			buildPhases = (
				6A9E01139BEBFA4051563673 /* Check Pods Manifest.lock */,
				FA20F7931B5EFECB00E942F1 /* Sources */,
				FA20F7941B5EFECB00E942F1 /* Frameworks */,
				FA20F7951B5EFECB00E942F1 /* Resources */,
				7E9DB441B08E99C25AAB824C /* Copy Pods Resources */,
			);
			buildRules = (
			);
			dependencies = (
			);
			name = BlocSpot;
			productName = BlocSpot;
			productReference = FA20F7971B5EFECB00E942F1 /* BlocSpot.app */;
			productType = "com.apple.product-type.application";
		};
		FA20F7B21B5EFECB00E942F1 /* BlocSpotTests */ = {
			isa = PBXNativeTarget;
			buildConfigurationList = FA20F7C01B5EFECB00E942F1 /* Build configuration list for PBXNativeTarget "BlocSpotTests" */;
			buildPhases = (
				FA20F7AF1B5EFECB00E942F1 /* Sources */,
				FA20F7B01B5EFECB00E942F1 /* Frameworks */,
				FA20F7B11B5EFECB00E942F1 /* Resources */,
			);
			buildRules = (
			);
			dependencies = (
				FA20F7B51B5EFECB00E942F1 /* PBXTargetDependency */,
			);
			name = BlocSpotTests;
			productName = BlocSpotTests;
			productReference = FA20F7B31B5EFECB00E942F1 /* BlocSpotTests.xctest */;
			productType = "com.apple.product-type.bundle.unit-test";
		};
/* End PBXNativeTarget section */

/* Begin PBXProject section */
		FA20F78F1B5EFECB00E942F1 /* Project object */ = {
			isa = PBXProject;
			attributes = {
				LastUpgradeCheck = 0640;
				ORGANIZATIONNAME = "Ryan Summe";
				TargetAttributes = {
					FA20F7961B5EFECB00E942F1 = {
						CreatedOnToolsVersion = 6.4;
						SystemCapabilities = {
							com.apple.Maps.iOS = {
								enabled = 0;
							};
						};
					};
					FA20F7B21B5EFECB00E942F1 = {
						CreatedOnToolsVersion = 6.4;
						TestTargetID = FA20F7961B5EFECB00E942F1;
					};
				};
			};
			buildConfigurationList = FA20F7921B5EFECB00E942F1 /* Build configuration list for PBXProject "BlocSpot" */;
			compatibilityVersion = "Xcode 3.2";
			developmentRegion = English;
			hasScannedForEncodings = 0;
			knownRegions = (
				en,
				Base,
			);
			mainGroup = FA20F78E1B5EFECB00E942F1;
			productRefGroup = FA20F7981B5EFECB00E942F1 /* Products */;
			projectDirPath = "";
			projectRoot = "";
			targets = (
				FA20F7961B5EFECB00E942F1 /* BlocSpot */,
				FA20F7B21B5EFECB00E942F1 /* BlocSpotTests */,
			);
		};
/* End PBXProject section */

/* Begin PBXResourcesBuildPhase section */
		FA20F7951B5EFECB00E942F1 /* Resources */ = {
			isa = PBXResourcesBuildPhase;
			buildActionMask = 2147483647;
			files = (
				FA20F7A91B5EFECB00E942F1 /* Main.storyboard in Resources */,
				FA20F7AE1B5EFECB00E942F1 /* LaunchScreen.xib in Resources */,
				FA20F7AB1B5EFECB00E942F1 /* Images.xcassets in Resources */,
			);
			runOnlyForDeploymentPostprocessing = 0;
		};
		FA20F7B11B5EFECB00E942F1 /* Resources */ = {
			isa = PBXResourcesBuildPhase;
			buildActionMask = 2147483647;
			files = (
			);
			runOnlyForDeploymentPostprocessing = 0;
		};
/* End PBXResourcesBuildPhase section */

/* Begin PBXShellScriptBuildPhase section */
		6A9E01139BEBFA4051563673 /* Check Pods Manifest.lock */ = {
			isa = PBXShellScriptBuildPhase;
			buildActionMask = 2147483647;
			files = (
			);
			inputPaths = (
			);
			name = "Check Pods Manifest.lock";
			outputPaths = (
			);
			runOnlyForDeploymentPostprocessing = 0;
			shellPath = /bin/sh;
			shellScript = "diff \"${PODS_ROOT}/../Podfile.lock\" \"${PODS_ROOT}/Manifest.lock\" > /dev/null\nif [[ $? != 0 ]] ; then\n    cat << EOM\nerror: The sandbox is not in sync with the Podfile.lock. Run 'pod install' or update your CocoaPods installation.\nEOM\n    exit 1\nfi\n";
			showEnvVarsInLog = 0;
		};
		7E9DB441B08E99C25AAB824C /* Copy Pods Resources */ = {
			isa = PBXShellScriptBuildPhase;
			buildActionMask = 2147483647;
			files = (
			);
			inputPaths = (
			);
			name = "Copy Pods Resources";
			outputPaths = (
			);
			runOnlyForDeploymentPostprocessing = 0;
			shellPath = /bin/sh;
			shellScript = "\"${SRCROOT}/Pods/Target Support Files/Pods/Pods-resources.sh\"\n";
			showEnvVarsInLog = 0;
		};
/* End PBXShellScriptBuildPhase section */

/* Begin PBXSourcesBuildPhase section */
		FA20F7931B5EFECB00E942F1 /* Sources */ = {
			isa = PBXSourcesBuildPhase;
			buildActionMask = 2147483647;
			files = (
				FA20F7A01B5EFECB00E942F1 /* AppDelegate.m in Sources */,
				FA20F7A31B5EFECB00E942F1 /* MasterViewController.m in Sources */,
				FA762EA91B6271160035E1AF /* PlaceOfInterest.m in Sources */,
				FA762E9D1B626C3D0035E1AF /* DataSource.m in Sources */,
				FA20F7EF1B5FDCAC00E942F1 /* MapViewController.m in Sources */,
				FA20F79D1B5EFECB00E942F1 /* main.m in Sources */,
				FA20F7A61B5EFECB00E942F1 /* DetailViewController.m in Sources */,
			);
			runOnlyForDeploymentPostprocessing = 0;
		};
		FA20F7AF1B5EFECB00E942F1 /* Sources */ = {
			isa = PBXSourcesBuildPhase;
			buildActionMask = 2147483647;
			files = (
				FA20F7BA1B5EFECB00E942F1 /* BlocSpotTests.m in Sources */,
			);
			runOnlyForDeploymentPostprocessing = 0;
		};
/* End PBXSourcesBuildPhase section */

/* Begin PBXTargetDependency section */
		FA20F7B51B5EFECB00E942F1 /* PBXTargetDependency */ = {
			isa = PBXTargetDependency;
			target = FA20F7961B5EFECB00E942F1 /* BlocSpot */;
			targetProxy = FA20F7B41B5EFECB00E942F1 /* PBXContainerItemProxy */;
		};
/* End PBXTargetDependency section */

/* Begin PBXVariantGroup section */
		FA20F7A71B5EFECB00E942F1 /* Main.storyboard */ = {
			isa = PBXVariantGroup;
			children = (
				FA20F7A81B5EFECB00E942F1 /* Base */,
			);
			name = Main.storyboard;
			sourceTree = "<group>";
		};
		FA20F7AC1B5EFECB00E942F1 /* LaunchScreen.xib */ = {
			isa = PBXVariantGroup;
			children = (
				FA20F7AD1B5EFECB00E942F1 /* Base */,
			);
			name = LaunchScreen.xib;
			sourceTree = "<group>";
		};
/* End PBXVariantGroup section */

/* Begin XCBuildConfiguration section */
		FA20F7BB1B5EFECB00E942F1 /* Debug */ = {
			isa = XCBuildConfiguration;
			buildSettings = {
				ALWAYS_SEARCH_USER_PATHS = NO;
				CLANG_CXX_LANGUAGE_STANDARD = "gnu++0x";
				CLANG_CXX_LIBRARY = "libc++";
				CLANG_ENABLE_MODULES = YES;
				CLANG_ENABLE_OBJC_ARC = YES;
				CLANG_WARN_BOOL_CONVERSION = YES;
				CLANG_WARN_CONSTANT_CONVERSION = YES;
				CLANG_WARN_DIRECT_OBJC_ISA_USAGE = YES_ERROR;
				CLANG_WARN_EMPTY_BODY = YES;
				CLANG_WARN_ENUM_CONVERSION = YES;
				CLANG_WARN_INT_CONVERSION = YES;
				CLANG_WARN_OBJC_ROOT_CLASS = YES_ERROR;
				CLANG_WARN_UNREACHABLE_CODE = YES;
				CLANG_WARN__DUPLICATE_METHOD_MATCH = YES;
				"CODE_SIGN_IDENTITY[sdk=iphoneos*]" = "iPhone Developer";
				COPY_PHASE_STRIP = NO;
				DEBUG_INFORMATION_FORMAT = "dwarf-with-dsym";
				ENABLE_STRICT_OBJC_MSGSEND = YES;
				GCC_C_LANGUAGE_STANDARD = gnu99;
				GCC_DYNAMIC_NO_PIC = NO;
				GCC_NO_COMMON_BLOCKS = YES;
				GCC_OPTIMIZATION_LEVEL = 0;
				GCC_PREPROCESSOR_DEFINITIONS = (
					"DEBUG=1",
					"$(inherited)",
				);
				GCC_SYMBOLS_PRIVATE_EXTERN = NO;
				GCC_WARN_64_TO_32_BIT_CONVERSION = YES;
				GCC_WARN_ABOUT_RETURN_TYPE = YES_ERROR;
				GCC_WARN_UNDECLARED_SELECTOR = YES;
				GCC_WARN_UNINITIALIZED_AUTOS = YES_AGGRESSIVE;
				GCC_WARN_UNUSED_FUNCTION = YES;
				GCC_WARN_UNUSED_VARIABLE = YES;
				IPHONEOS_DEPLOYMENT_TARGET = 8.4;
				MTL_ENABLE_DEBUG_INFO = YES;
				ONLY_ACTIVE_ARCH = YES;
				SDKROOT = iphoneos;
			};
			name = Debug;
		};
		FA20F7BC1B5EFECB00E942F1 /* Release */ = {
			isa = XCBuildConfiguration;
			buildSettings = {
				ALWAYS_SEARCH_USER_PATHS = NO;
				CLANG_CXX_LANGUAGE_STANDARD = "gnu++0x";
				CLANG_CXX_LIBRARY = "libc++";
				CLANG_ENABLE_MODULES = YES;
				CLANG_ENABLE_OBJC_ARC = YES;
				CLANG_WARN_BOOL_CONVERSION = YES;
				CLANG_WARN_CONSTANT_CONVERSION = YES;
				CLANG_WARN_DIRECT_OBJC_ISA_USAGE = YES_ERROR;
				CLANG_WARN_EMPTY_BODY = YES;
				CLANG_WARN_ENUM_CONVERSION = YES;
				CLANG_WARN_INT_CONVERSION = YES;
				CLANG_WARN_OBJC_ROOT_CLASS = YES_ERROR;
				CLANG_WARN_UNREACHABLE_CODE = YES;
				CLANG_WARN__DUPLICATE_METHOD_MATCH = YES;
				"CODE_SIGN_IDENTITY[sdk=iphoneos*]" = "iPhone Developer";
				COPY_PHASE_STRIP = NO;
				DEBUG_INFORMATION_FORMAT = "dwarf-with-dsym";
				ENABLE_NS_ASSERTIONS = NO;
				ENABLE_STRICT_OBJC_MSGSEND = YES;
				GCC_C_LANGUAGE_STANDARD = gnu99;
				GCC_NO_COMMON_BLOCKS = YES;
				GCC_WARN_64_TO_32_BIT_CONVERSION = YES;
				GCC_WARN_ABOUT_RETURN_TYPE = YES_ERROR;
				GCC_WARN_UNDECLARED_SELECTOR = YES;
				GCC_WARN_UNINITIALIZED_AUTOS = YES_AGGRESSIVE;
				GCC_WARN_UNUSED_FUNCTION = YES;
				GCC_WARN_UNUSED_VARIABLE = YES;
				IPHONEOS_DEPLOYMENT_TARGET = 8.4;
				MTL_ENABLE_DEBUG_INFO = NO;
				SDKROOT = iphoneos;
				VALIDATE_PRODUCT = YES;
			};
			name = Release;
		};
		FA20F7BE1B5EFECB00E942F1 /* Debug */ = {
			isa = XCBuildConfiguration;
			baseConfigurationReference = B748D1A9BB12B85487F98140 /* Pods.debug.xcconfig */;
			buildSettings = {
				ASSETCATALOG_COMPILER_APPICON_NAME = AppIcon;
				CODE_SIGN_IDENTITY = "iPhone Developer";
				INFOPLIST_FILE = BlocSpot/Info.plist;
				IPHONEOS_DEPLOYMENT_TARGET = 8.4;
				LD_RUNPATH_SEARCH_PATHS = "$(inherited) @executable_path/Frameworks";
				PRODUCT_NAME = "$(TARGET_NAME)";
			};
			name = Debug;
		};
		FA20F7BF1B5EFECB00E942F1 /* Release */ = {
			isa = XCBuildConfiguration;
			baseConfigurationReference = C59849E3F73141447895487F /* Pods.release.xcconfig */;
			buildSettings = {
				ASSETCATALOG_COMPILER_APPICON_NAME = AppIcon;
				CODE_SIGN_IDENTITY = "iPhone Developer";
				INFOPLIST_FILE = BlocSpot/Info.plist;
				IPHONEOS_DEPLOYMENT_TARGET = 8.4;
				LD_RUNPATH_SEARCH_PATHS = "$(inherited) @executable_path/Frameworks";
				PRODUCT_NAME = "$(TARGET_NAME)";
			};
			name = Release;
		};
		FA20F7C11B5EFECB00E942F1 /* Debug */ = {
			isa = XCBuildConfiguration;
			buildSettings = {
				BUNDLE_LOADER = "$(TEST_HOST)";
				FRAMEWORK_SEARCH_PATHS = (
					"$(SDKROOT)/Developer/Library/Frameworks",
					"$(inherited)",
				);
				GCC_PREPROCESSOR_DEFINITIONS = (
					"DEBUG=1",
					"$(inherited)",
				);
				INFOPLIST_FILE = BlocSpotTests/Info.plist;
				LD_RUNPATH_SEARCH_PATHS = "$(inherited) @executable_path/Frameworks @loader_path/Frameworks";
				PRODUCT_NAME = "$(TARGET_NAME)";
				TEST_HOST = "$(BUILT_PRODUCTS_DIR)/BlocSpot.app/BlocSpot";
			};
			name = Debug;
		};
		FA20F7C21B5EFECB00E942F1 /* Release */ = {
			isa = XCBuildConfiguration;
			buildSettings = {
				BUNDLE_LOADER = "$(TEST_HOST)";
				FRAMEWORK_SEARCH_PATHS = (
					"$(SDKROOT)/Developer/Library/Frameworks",
					"$(inherited)",
				);
				INFOPLIST_FILE = BlocSpotTests/Info.plist;
				LD_RUNPATH_SEARCH_PATHS = "$(inherited) @executable_path/Frameworks @loader_path/Frameworks";
				PRODUCT_NAME = "$(TARGET_NAME)";
				TEST_HOST = "$(BUILT_PRODUCTS_DIR)/BlocSpot.app/BlocSpot";
			};
			name = Release;
		};
/* End XCBuildConfiguration section */

/* Begin XCConfigurationList section */
		FA20F7921B5EFECB00E942F1 /* Build configuration list for PBXProject "BlocSpot" */ = {
			isa = XCConfigurationList;
			buildConfigurations = (
				FA20F7BB1B5EFECB00E942F1 /* Debug */,
				FA20F7BC1B5EFECB00E942F1 /* Release */,
			);
			defaultConfigurationIsVisible = 0;
			defaultConfigurationName = Release;
		};
		FA20F7BD1B5EFECB00E942F1 /* Build configuration list for PBXNativeTarget "BlocSpot" */ = {
			isa = XCConfigurationList;
			buildConfigurations = (
				FA20F7BE1B5EFECB00E942F1 /* Debug */,
				FA20F7BF1B5EFECB00E942F1 /* Release */,
			);
			defaultConfigurationIsVisible = 0;
			defaultConfigurationName = Release;
		};
		FA20F7C01B5EFECB00E942F1 /* Build configuration list for PBXNativeTarget "BlocSpotTests" */ = {
			isa = XCConfigurationList;
			buildConfigurations = (
				FA20F7C11B5EFECB00E942F1 /* Debug */,
				FA20F7C21B5EFECB00E942F1 /* Release */,
			);
			defaultConfigurationIsVisible = 0;
			defaultConfigurationName = Release;
		};
/* End XCConfigurationList section */
	};
	rootObject = FA20F78F1B5EFECB00E942F1 /* Project object */;
}
